
Microsoft Visual Studio Solution File, Format Version 12.00
# Visual Studio Version 16
VisualStudioVersion = 16.0.30611.23
MinimumVisualStudioVersion = 10.0.40219.1
Project("{FAE04EC0-301F-11D3-BF4B-00C04F79EFBC}") = "Amazon.IP.Status", "Amazon.IP.Status\Amazon.IP.Status.csproj", "{A2D13964-71AB-429B-96A0-551EDD6E99BF}"
EndProject
Global
	GlobalSection(SolutionConfigurationPlatforms) = preSolution
		Debug|Any CPU = Debug|Any CPU
		Release|Any CPU = Release|Any CPU
	EndGlobalSection
	GlobalSection(ProjectConfigurationPlatforms) = postSolution
		{A2D13964-71AB-429B-96A0-551EDD6E99BF}.Debug|Any CPU.ActiveCfg = Debug|Any CPU
		{A2D13964-71AB-429B-96A0-551EDD6E99BF}.Debug|Any CPU.Build.0 = Debug|Any CPU
		{A2D13964-71AB-429B-96A0-551EDD6E99BF}.Release|Any CPU.ActiveCfg = Release|Any CPU
		{A2D13964-71AB-429B-96A0-551EDD6E99BF}.Release|Any CPU.Build.0 = Release|Any CPU
	EndGlobalSection
	GlobalSection(SolutionProperties) = preSolution
		HideSolutionNode = FALSE
	EndGlobalSection
	GlobalSection(ExtensibilityGlobals) = postSolution
		SolutionGuid = {B1A3BDA0-2FB2-42DD-9ED9-FCEC41D9A3F1}
	EndGlobalSection
EndGlobal
